
Microsoft Visual Studio Solution File, Format Version 12.00
# Visual Studio Version 17
VisualStudioVersion = 17.0.31903.59
MinimumVisualStudioVersion = 10.0.40219.1
Project("{2150E333-8FDC-42A3-9474-1A3956D46DE8}") = "src", "src", "{99AA3C08-5597-4924-8836-28A8354A55FC}"
EndProject
Project("{2150E333-8FDC-42A3-9474-1A3956D46DE8}") = "CleanArchitecture", "CleanArchitecture", "{2895FCCA-358C-4C6C-A307-4FACE3463A97}"
EndProject
Project("{FAE04EC0-301F-11D3-BF4B-00C04F79EFBC}") = "CleanArchitecture.Domain", "src\CleanArchitecture\CleanArchitecture.Domain\CleanArchitecture.Domain.csproj", "{7705EF3B-C6A9-4A2C-8CA8-F3F4B6F4E63C}"
EndProject
Project("{FAE04EC0-301F-11D3-BF4B-00C04F79EFBC}") = "CleanArchitecture.Application", "src\CleanArchitecture\CleanArchitecture.Application\CleanArchitecture.Application.csproj", "{7FC5C0C0-1CA6-4BAD-9DF8-6E8EC16AFBC9}"
EndProject
Global
	GlobalSection(SolutionConfigurationPlatforms) = preSolution
		Debug|Any CPU = Debug|Any CPU
		Release|Any CPU = Release|Any CPU
	EndGlobalSection
	GlobalSection(SolutionProperties) = preSolution
		HideSolutionNode = FALSE
	EndGlobalSection
	GlobalSection(ProjectConfigurationPlatforms) = postSolution
		{7705EF3B-C6A9-4A2C-8CA8-F3F4B6F4E63C}.Debug|Any CPU.ActiveCfg = Debug|Any CPU
		{7705EF3B-C6A9-4A2C-8CA8-F3F4B6F4E63C}.Debug|Any CPU.Build.0 = Debug|Any CPU
		{7705EF3B-C6A9-4A2C-8CA8-F3F4B6F4E63C}.Release|Any CPU.ActiveCfg = Release|Any CPU
		{7705EF3B-C6A9-4A2C-8CA8-F3F4B6F4E63C}.Release|Any CPU.Build.0 = Release|Any CPU
		{7FC5C0C0-1CA6-4BAD-9DF8-6E8EC16AFBC9}.Debug|Any CPU.ActiveCfg = Debug|Any CPU
		{7FC5C0C0-1CA6-4BAD-9DF8-6E8EC16AFBC9}.Debug|Any CPU.Build.0 = Debug|Any CPU
		{7FC5C0C0-1CA6-4BAD-9DF8-6E8EC16AFBC9}.Release|Any CPU.ActiveCfg = Release|Any CPU
		{7FC5C0C0-1CA6-4BAD-9DF8-6E8EC16AFBC9}.Release|Any CPU.Build.0 = Release|Any CPU
	EndGlobalSection
	GlobalSection(NestedProjects) = preSolution
		{2895FCCA-358C-4C6C-A307-4FACE3463A97} = {99AA3C08-5597-4924-8836-28A8354A55FC}
		{7705EF3B-C6A9-4A2C-8CA8-F3F4B6F4E63C} = {2895FCCA-358C-4C6C-A307-4FACE3463A97}
		{7FC5C0C0-1CA6-4BAD-9DF8-6E8EC16AFBC9} = {2895FCCA-358C-4C6C-A307-4FACE3463A97}
	EndGlobalSection
EndGlobal
